
Microsoft Visual Studio Solution File, Format Version 12.00
# Visual Studio Version 16
VisualStudioVersion = 16.0.30621.155
MinimumVisualStudioVersion = 10.0.40219.1
Project("{FAE04EC0-301F-11D3-BF4B-00C04F79EFBC}") = "Proj1", "Proj1\Proj1.csproj", "{C9DF80CC-D241-489A-AB05-D4387114D947}"
EndProject
Project("{FAE04EC0-301F-11D3-BF4B-00C04F79EFBC}") = "Proj2", "Proj2\Proj2.csproj", "{E488B3E7-9232-4125-9482-75ACCB143FC7}"
EndProject
Project("{F184B08F-C81C-45F6-A57F-5ABD9991F28F}") = "Proj3", "Proj3\Proj3.vbproj", "{4EDA31A4-F9DC-4CF4-BAE0-E256A1E3439F}"
EndProject
Global
	GlobalSection(SolutionConfigurationPlatforms) = preSolution
		Debug|Any CPU = Debug|Any CPU
		Release|Any CPU = Release|Any CPU
	EndGlobalSection
	GlobalSection(ProjectConfigurationPlatforms) = postSolution
		{C9DF80CC-D241-489A-AB05-D4387114D947}.Debug|Any CPU.ActiveCfg = Debug|Any CPU
		{C9DF80CC-D241-489A-AB05-D4387114D947}.Debug|Any CPU.Build.0 = Debug|Any CPU
		{C9DF80CC-D241-489A-AB05-D4387114D947}.Release|Any CPU.ActiveCfg = Release|Any CPU
		{C9DF80CC-D241-489A-AB05-D4387114D947}.Release|Any CPU.Build.0 = Release|Any CPU
		{E488B3E7-9232-4125-9482-75ACCB143FC7}.Debug|Any CPU.ActiveCfg = Debug|Any CPU
		{E488B3E7-9232-4125-9482-75ACCB143FC7}.Debug|Any CPU.Build.0 = Debug|Any CPU
		{E488B3E7-9232-4125-9482-75ACCB143FC7}.Release|Any CPU.ActiveCfg = Release|Any CPU
		{E488B3E7-9232-4125-9482-75ACCB143FC7}.Release|Any CPU.Build.0 = Release|Any CPU
		{4EDA31A4-F9DC-4CF4-BAE0-E256A1E3439F}.Debug|Any CPU.ActiveCfg = Debug|Any CPU
		{4EDA31A4-F9DC-4CF4-BAE0-E256A1E3439F}.Debug|Any CPU.Build.0 = Debug|Any CPU
		{4EDA31A4-F9DC-4CF4-BAE0-E256A1E3439F}.Release|Any CPU.ActiveCfg = Release|Any CPU
		{4EDA31A4-F9DC-4CF4-BAE0-E256A1E3439F}.Release|Any CPU.Build.0 = Release|Any CPU
	EndGlobalSection
	GlobalSection(SolutionProperties) = preSolution
		HideSolutionNode = FALSE
	EndGlobalSection
	GlobalSection(ExtensibilityGlobals) = postSolution
		SolutionGuid = {21A06BEB-5867-4CA2-BF38-5C379C7E0732}
	EndGlobalSection
EndGlobal
